// !$*UTF8*$!
{
	archiveVersion = 1;
	classes = {
	};
	objectVersion = 63;
	objects = {

/* Begin PBXBuildFile section */
		1E73EE032D6BAAAD009719FC /* NibViewController.swift in Sources */ = {isa = PBXBuildFile; fileRef = 1E73EE022D6BAAAD009719FC /* NibViewController.swift */; };
		1E73EE062D6BAB14009719FC /* BaseAPI.swift in Sources */ = {isa = PBXBuildFile; fileRef = 1E73EE052D6BAB14009719FC /* BaseAPI.swift */; };
		1E73EE082D6BAB29009719FC /* BaseModel.swift in Sources */ = {isa = PBXBuildFile; fileRef = 1E73EE072D6BAB29009719FC /* BaseModel.swift */; };
		1E73EE0A2D6BAB3F009719FC /* Constant.swift in Sources */ = {isa = PBXBuildFile; fileRef = 1E73EE092D6BAB3F009719FC /* Constant.swift */; };
		1E73EE0C2D6BAB56009719FC /* TargetType.swift in Sources */ = {isa = PBXBuildFile; fileRef = 1E73EE0B2D6BAB56009719FC /* TargetType.swift */; };
		1E73EE182D6BAC56009719FC /* LoginVC.xib in Resources */ = {isa = PBXBuildFile; fileRef = 1E73EE172D6BAC56009719FC /* LoginVC.xib */; };
		1E73EE192D6BAC56009719FC /* LoginVC.swift in Sources */ = {isa = PBXBuildFile; fileRef = 1E73EE162D6BAC56009719FC /* LoginVC.swift */; };
		1E73EE1B2D6BAC64009719FC /* LoginViewModel.swift in Sources */ = {isa = PBXBuildFile; fileRef = 1E73EE1A2D6BAC64009719FC /* LoginViewModel.swift */; };
		1E73EE1D2D6BAC95009719FC /* LoginNetworing.swift in Sources */ = {isa = PBXBuildFile; fileRef = 1E73EE1C2D6BAC95009719FC /* LoginNetworing.swift */; };
		1E73EE1F2D6BACAC009719FC /* LoginModel.swift in Sources */ = {isa = PBXBuildFile; fileRef = 1E73EE1E2D6BACAC009719FC /* LoginModel.swift */; };
		1E73EE212D6BACCF009719FC /* LoginAPI.swift in Sources */ = {isa = PBXBuildFile; fileRef = 1E73EE202D6BACCF009719FC /* LoginAPI.swift */; };
		1E73EE2C2D6BBA81009719FC /* Poppins-Bold.ttf in Resources */ = {isa = PBXBuildFile; fileRef = 1E73EE292D6BBA81009719FC /* Poppins-Bold.ttf */; };
		1E73EE2D2D6BBA81009719FC /* Poppins-Medium.ttf in Resources */ = {isa = PBXBuildFile; fileRef = 1E73EE2A2D6BBA81009719FC /* Poppins-Medium.ttf */; };
		1E73EE2E2D6BBA81009719FC /* Poppins-Regular.ttf in Resources */ = {isa = PBXBuildFile; fileRef = 1E73EE2B2D6BBA81009719FC /* Poppins-Regular.ttf */; };
		E15D7AA02D7B69D700124ADC /* AnnouncementViewController.xib in Resources */ = {isa = PBXBuildFile; fileRef = E15D7A9F2D7B69D700124ADC /* AnnouncementViewController.xib */; };
		E15D7AA12D7B69D700124ADC /* AnnouncementViewController.swift in Sources */ = {isa = PBXBuildFile; fileRef = E15D7A9E2D7B69D700124ADC /* AnnouncementViewController.swift */; };
		E15D7AA52D7B6F4300124ADC /* AnnouncementTableViewCell.xib in Resources */ = {isa = PBXBuildFile; fileRef = E15D7AA42D7B6F4300124ADC /* AnnouncementTableViewCell.xib */; };
		E15D7AA62D7B6F4300124ADC /* AnnouncementTableViewCell.swift in Sources */ = {isa = PBXBuildFile; fileRef = E15D7AA32D7B6F4300124ADC /* AnnouncementTableViewCell.swift */; };
		E19210D42D6BA8580025B826 /* AppDelegate.swift in Sources */ = {isa = PBXBuildFile; fileRef = E19210D32D6BA8580025B826 /* AppDelegate.swift */; };
		E19210D62D6BA8580025B826 /* SceneDelegate.swift in Sources */ = {isa = PBXBuildFile; fileRef = E19210D52D6BA8580025B826 /* SceneDelegate.swift */; };
		E19210DD2D6BA85A0025B826 /* Assets.xcassets in Resources */ = {isa = PBXBuildFile; fileRef = E19210DC2D6BA85A0025B826 /* Assets.xcassets */; };
		E19210E02D6BA85A0025B826 /* Base in Resources */ = {isa = PBXBuildFile; fileRef = E19210DF2D6BA85A0025B826 /* Base */; };
		E19210EB2D6BA85A0025B826 /* SchoolTests.swift in Sources */ = {isa = PBXBuildFile; fileRef = E19210EA2D6BA85A0025B826 /* SchoolTests.swift */; };
		E19210F52D6BA85A0025B826 /* SchoolUITests.swift in Sources */ = {isa = PBXBuildFile; fileRef = E19210F42D6BA85A0025B826 /* SchoolUITests.swift */; };
		E19210F72D6BA85A0025B826 /* SchoolUITestsLaunchTests.swift in Sources */ = {isa = PBXBuildFile; fileRef = E19210F62D6BA85A0025B826 /* SchoolUITestsLaunchTests.swift */; };
		E192111B2D6BC1CC0025B826 /* CustomTabBar.swift in Sources */ = {isa = PBXBuildFile; fileRef = E192111A2D6BC1CC0025B826 /* CustomTabBar.swift */; };
		E19211212D6BCE050025B826 /* EventsCollectionViewCell.xib in Resources */ = {isa = PBXBuildFile; fileRef = E19211202D6BCE050025B826 /* EventsCollectionViewCell.xib */; };
		E19211222D6BCE050025B826 /* EventsCollectionViewCell.swift in Sources */ = {isa = PBXBuildFile; fileRef = E192111F2D6BCE050025B826 /* EventsCollectionViewCell.swift */; };
		E19211252D6BCE140025B826 /* AnnouncementsCollectionViewCell.xib in Resources */ = {isa = PBXBuildFile; fileRef = E19211242D6BCE140025B826 /* AnnouncementsCollectionViewCell.xib */; };
		E19211262D6BCE140025B826 /* AnnouncementsCollectionViewCell.swift in Sources */ = {isa = PBXBuildFile; fileRef = E19211232D6BCE140025B826 /* AnnouncementsCollectionViewCell.swift */; };
		E19211292D6BCE230025B826 /* CategoriesCollectionViewCell.xib in Resources */ = {isa = PBXBuildFile; fileRef = E19211282D6BCE230025B826 /* CategoriesCollectionViewCell.xib */; };
		E192112A2D6BCE230025B826 /* CategoriesCollectionViewCell.swift in Sources */ = {isa = PBXBuildFile; fileRef = E19211272D6BCE230025B826 /* CategoriesCollectionViewCell.swift */; };
		E1B2DEF12D6E482600BEB1B0 /* HomeViewController.swift in Sources */ = {isa = PBXBuildFile; fileRef = E1B2DEEF2D6E482500BEB1B0 /* HomeViewController.swift */; };
		E1B2DEF22D6E482600BEB1B0 /* HomeViewController.xib in Resources */ = {isa = PBXBuildFile; fileRef = E1B2DEF02D6E482500BEB1B0 /* HomeViewController.xib */; };
		E1DE23BF2D7B289A007DE16F /* Alamofire in Frameworks */ = {isa = PBXBuildFile; productRef = E1DE23BE2D7B289A007DE16F /* Alamofire */; };
		E1DE23C22D7B291F007DE16F /* IQKeyboardManagerSwift in Frameworks */ = {isa = PBXBuildFile; productRef = E1DE23C12D7B291F007DE16F /* IQKeyboardManagerSwift */; };
		E1DE23C52D7B2CAD007DE16F /* TableView+CollectionView.swift in Sources */ = {isa = PBXBuildFile; fileRef = E1DE23C42D7B2CAD007DE16F /* TableView+CollectionView.swift */; };
/* End PBXBuildFile section */

/* Begin PBXContainerItemProxy section */
		E19210E72D6BA85A0025B826 /* PBXContainerItemProxy */ = {
			isa = PBXContainerItemProxy;
			containerPortal = E19210C82D6BA8580025B826 /* Project object */;
			proxyType = 1;
			remoteGlobalIDString = E19210CF2D6BA8580025B826;
			remoteInfo = School;
		};
		E19210F12D6BA85A0025B826 /* PBXContainerItemProxy */ = {
			isa = PBXContainerItemProxy;
			containerPortal = E19210C82D6BA8580025B826 /* Project object */;
			proxyType = 1;
			remoteGlobalIDString = E19210CF2D6BA8580025B826;
			remoteInfo = School;
		};
/* End PBXContainerItemProxy section */

/* Begin PBXFileReference section */
		1E73EE022D6BAAAD009719FC /* NibViewController.swift */ = {isa = PBXFileReference; lastKnownFileType = sourcecode.swift; path = NibViewController.swift; sourceTree = "<group>"; };
		1E73EE052D6BAB14009719FC /* BaseAPI.swift */ = {isa = PBXFileReference; lastKnownFileType = sourcecode.swift; path = BaseAPI.swift; sourceTree = "<group>"; };
		1E73EE072D6BAB29009719FC /* BaseModel.swift */ = {isa = PBXFileReference; lastKnownFileType = sourcecode.swift; path = BaseModel.swift; sourceTree = "<group>"; };
		1E73EE092D6BAB3F009719FC /* Constant.swift */ = {isa = PBXFileReference; lastKnownFileType = sourcecode.swift; path = Constant.swift; sourceTree = "<group>"; };
		1E73EE0B2D6BAB56009719FC /* TargetType.swift */ = {isa = PBXFileReference; lastKnownFileType = sourcecode.swift; path = TargetType.swift; sourceTree = "<group>"; };
		1E73EE162D6BAC56009719FC /* LoginVC.swift */ = {isa = PBXFileReference; lastKnownFileType = sourcecode.swift; path = LoginVC.swift; sourceTree = "<group>"; };
		1E73EE172D6BAC56009719FC /* LoginVC.xib */ = {isa = PBXFileReference; lastKnownFileType = file.xib; path = LoginVC.xib; sourceTree = "<group>"; };
		1E73EE1A2D6BAC64009719FC /* LoginViewModel.swift */ = {isa = PBXFileReference; lastKnownFileType = sourcecode.swift; path = LoginViewModel.swift; sourceTree = "<group>"; };
		1E73EE1C2D6BAC95009719FC /* LoginNetworing.swift */ = {isa = PBXFileReference; lastKnownFileType = sourcecode.swift; path = LoginNetworing.swift; sourceTree = "<group>"; };
		1E73EE1E2D6BACAC009719FC /* LoginModel.swift */ = {isa = PBXFileReference; lastKnownFileType = sourcecode.swift; path = LoginModel.swift; sourceTree = "<group>"; };
		1E73EE202D6BACCF009719FC /* LoginAPI.swift */ = {isa = PBXFileReference; lastKnownFileType = sourcecode.swift; path = LoginAPI.swift; sourceTree = "<group>"; };
		1E73EE292D6BBA81009719FC /* Poppins-Bold.ttf */ = {isa = PBXFileReference; lastKnownFileType = file; path = "Poppins-Bold.ttf"; sourceTree = "<group>"; };
		1E73EE2A2D6BBA81009719FC /* Poppins-Medium.ttf */ = {isa = PBXFileReference; lastKnownFileType = file; path = "Poppins-Medium.ttf"; sourceTree = "<group>"; };
		1E73EE2B2D6BBA81009719FC /* Poppins-Regular.ttf */ = {isa = PBXFileReference; lastKnownFileType = file; path = "Poppins-Regular.ttf"; sourceTree = "<group>"; };
		E15D7A9E2D7B69D700124ADC /* AnnouncementViewController.swift */ = {isa = PBXFileReference; indentWidth = 2; lastKnownFileType = sourcecode.swift; path = AnnouncementViewController.swift; sourceTree = "<group>"; tabWidth = 2; };
		E15D7A9F2D7B69D700124ADC /* AnnouncementViewController.xib */ = {isa = PBXFileReference; lastKnownFileType = file.xib; path = AnnouncementViewController.xib; sourceTree = "<group>"; };
		E15D7AA32D7B6F4300124ADC /* AnnouncementTableViewCell.swift */ = {isa = PBXFileReference; lastKnownFileType = sourcecode.swift; path = AnnouncementTableViewCell.swift; sourceTree = "<group>"; };
		E15D7AA42D7B6F4300124ADC /* AnnouncementTableViewCell.xib */ = {isa = PBXFileReference; lastKnownFileType = file.xib; path = AnnouncementTableViewCell.xib; sourceTree = "<group>"; };
		E19210D02D6BA8580025B826 /* School.app */ = {isa = PBXFileReference; explicitFileType = wrapper.application; includeInIndex = 0; path = School.app; sourceTree = BUILT_PRODUCTS_DIR; };
		E19210D32D6BA8580025B826 /* AppDelegate.swift */ = {isa = PBXFileReference; lastKnownFileType = sourcecode.swift; path = AppDelegate.swift; sourceTree = "<group>"; };
		E19210D52D6BA8580025B826 /* SceneDelegate.swift */ = {isa = PBXFileReference; lastKnownFileType = sourcecode.swift; path = SceneDelegate.swift; sourceTree = "<group>"; };
		E19210DC2D6BA85A0025B826 /* Assets.xcassets */ = {isa = PBXFileReference; lastKnownFileType = folder.assetcatalog; path = Assets.xcassets; sourceTree = "<group>"; };
		E19210DF2D6BA85A0025B826 /* Base */ = {isa = PBXFileReference; lastKnownFileType = file.storyboard; name = Base; path = Base.lproj/LaunchScreen.storyboard; sourceTree = "<group>"; };
		E19210E12D6BA85A0025B826 /* Info.plist */ = {isa = PBXFileReference; lastKnownFileType = text.plist.xml; path = Info.plist; sourceTree = "<group>"; };
		E19210E62D6BA85A0025B826 /* SchoolTests.xctest */ = {isa = PBXFileReference; explicitFileType = wrapper.cfbundle; includeInIndex = 0; path = SchoolTests.xctest; sourceTree = BUILT_PRODUCTS_DIR; };
		E19210EA2D6BA85A0025B826 /* SchoolTests.swift */ = {isa = PBXFileReference; lastKnownFileType = sourcecode.swift; path = SchoolTests.swift; sourceTree = "<group>"; };
		E19210F02D6BA85A0025B826 /* SchoolUITests.xctest */ = {isa = PBXFileReference; explicitFileType = wrapper.cfbundle; includeInIndex = 0; path = SchoolUITests.xctest; sourceTree = BUILT_PRODUCTS_DIR; };
		E19210F42D6BA85A0025B826 /* SchoolUITests.swift */ = {isa = PBXFileReference; lastKnownFileType = sourcecode.swift; path = SchoolUITests.swift; sourceTree = "<group>"; };
		E19210F62D6BA85A0025B826 /* SchoolUITestsLaunchTests.swift */ = {isa = PBXFileReference; lastKnownFileType = sourcecode.swift; path = SchoolUITestsLaunchTests.swift; sourceTree = "<group>"; };
		E192111A2D6BC1CC0025B826 /* CustomTabBar.swift */ = {isa = PBXFileReference; indentWidth = 2; lastKnownFileType = sourcecode.swift; path = CustomTabBar.swift; sourceTree = "<group>"; tabWidth = 2; };
		E192111F2D6BCE050025B826 /* EventsCollectionViewCell.swift */ = {isa = PBXFileReference; indentWidth = 2; lastKnownFileType = sourcecode.swift; path = EventsCollectionViewCell.swift; sourceTree = "<group>"; tabWidth = 2; };
		E19211202D6BCE050025B826 /* EventsCollectionViewCell.xib */ = {isa = PBXFileReference; lastKnownFileType = file.xib; path = EventsCollectionViewCell.xib; sourceTree = "<group>"; };
		E19211232D6BCE140025B826 /* AnnouncementsCollectionViewCell.swift */ = {isa = PBXFileReference; lastKnownFileType = sourcecode.swift; path = AnnouncementsCollectionViewCell.swift; sourceTree = "<group>"; };
		E19211242D6BCE140025B826 /* AnnouncementsCollectionViewCell.xib */ = {isa = PBXFileReference; lastKnownFileType = file.xib; path = AnnouncementsCollectionViewCell.xib; sourceTree = "<group>"; };
		E19211272D6BCE230025B826 /* CategoriesCollectionViewCell.swift */ = {isa = PBXFileReference; lastKnownFileType = sourcecode.swift; path = CategoriesCollectionViewCell.swift; sourceTree = "<group>"; };
		E19211282D6BCE230025B826 /* CategoriesCollectionViewCell.xib */ = {isa = PBXFileReference; lastKnownFileType = file.xib; path = CategoriesCollectionViewCell.xib; sourceTree = "<group>"; };
		E1B2DEEF2D6E482500BEB1B0 /* HomeViewController.swift */ = {isa = PBXFileReference; fileEncoding = 4; indentWidth = 2; lastKnownFileType = sourcecode.swift; path = HomeViewController.swift; sourceTree = "<group>"; tabWidth = 2; };
		E1B2DEF02D6E482500BEB1B0 /* HomeViewController.xib */ = {isa = PBXFileReference; fileEncoding = 4; lastKnownFileType = file.xib; path = HomeViewController.xib; sourceTree = "<group>"; };
		E1DE23C42D7B2CAD007DE16F /* TableView+CollectionView.swift */ = {isa = PBXFileReference; indentWidth = 2; lastKnownFileType = sourcecode.swift; path = "TableView+CollectionView.swift"; sourceTree = "<group>"; tabWidth = 2; };
/* End PBXFileReference section */

/* Begin PBXFrameworksBuildPhase section */
		E19210CD2D6BA8580025B826 /* Frameworks */ = {
			isa = PBXFrameworksBuildPhase;
			buildActionMask = 2147483647;
			files = (
				E1DE23BF2D7B289A007DE16F /* Alamofire in Frameworks */,
				E1DE23C22D7B291F007DE16F /* IQKeyboardManagerSwift in Frameworks */,
			);
			runOnlyForDeploymentPostprocessing = 0;
		};
		E19210E32D6BA85A0025B826 /* Frameworks */ = {
			isa = PBXFrameworksBuildPhase;
			buildActionMask = 2147483647;
			files = (
			);
			runOnlyForDeploymentPostprocessing = 0;
		};
		E19210ED2D6BA85A0025B826 /* Frameworks */ = {
			isa = PBXFrameworksBuildPhase;
			buildActionMask = 2147483647;
			files = (
			);
			runOnlyForDeploymentPostprocessing = 0;
		};
/* End PBXFrameworksBuildPhase section */

/* Begin PBXGroup section */
		1E73EDFD2D6BAA33009719FC /* AppLayer */ = {
			isa = PBXGroup;
			children = (
				E19210D32D6BA8580025B826 /* AppDelegate.swift */,
				E19210DC2D6BA85A0025B826 /* Assets.xcassets */,
				E19210DE2D6BA85A0025B826 /* LaunchScreen.storyboard */,
				E19210D52D6BA8580025B826 /* SceneDelegate.swift */,
			);
			path = AppLayer;
			sourceTree = "<group>";
		};
		1E73EDFE2D6BAA3E009719FC /* Networking */ = {
			isa = PBXGroup;
			children = (
				1E73EE052D6BAB14009719FC /* BaseAPI.swift */,
				1E73EE072D6BAB29009719FC /* BaseModel.swift */,
				1E73EE092D6BAB3F009719FC /* Constant.swift */,
				1E73EE0B2D6BAB56009719FC /* TargetType.swift */,
			);
			path = Networking;
			sourceTree = "<group>";
		};
		1E73EDFF2D6BAA46009719FC /* School */ = {
			isa = PBXGroup;
			children = (
				E1DE23C32D7B2C9C007DE16F /* Extensions */,
				E19211192D6BC1B20025B826 /* CustomViews */,
				1E73EE102D6BABF1009719FC /* Modules */,
			);
			path = School;
			sourceTree = "<group>";
		};
		1E73EE002D6BAA4D009719FC /* School-AppKit */ = {
			isa = PBXGroup;
			children = (
				1E73EE042D6BAAD4009719FC /* Resoures */,
				E19210E12D6BA85A0025B826 /* Info.plist */,
			);
			path = "School-AppKit";
			sourceTree = "<group>";
		};
		1E73EE012D6BAA5E009719FC /* SchoolUIKit */ = {
			isa = PBXGroup;
			children = (
				1E73EE022D6BAAAD009719FC /* NibViewController.swift */,
			);
			path = SchoolUIKit;
			sourceTree = "<group>";
		};
		1E73EE042D6BAAD4009719FC /* Resoures */ = {
			isa = PBXGroup;
			children = (
				1E73EE222D6BBA46009719FC /* fonts */,
			);
			path = Resoures;
			sourceTree = "<group>";
		};
		1E73EE102D6BABF1009719FC /* Modules */ = {
			isa = PBXGroup;
			children = (
				1E73EE112D6BABFA009719FC /* Login */,
				E192110C2D6BC03D0025B826 /* Home */,
				E15D7A9B2D7B699C00124ADC /* Announcement */,
			);
			path = Modules;
			sourceTree = "<group>";
		};
		1E73EE112D6BABFA009719FC /* Login */ = {
			isa = PBXGroup;
			children = (
				1E73EE132D6BAC1E009719FC /* LoginVCNetworking */,
				1E73EE122D6BAC0A009719FC /* Presentation */,
			);
			path = Login;
			sourceTree = "<group>";
		};
		1E73EE122D6BAC0A009719FC /* Presentation */ = {
			isa = PBXGroup;
			children = (
				1E73EE152D6BAC3E009719FC /* View */,
				1E73EE142D6BAC32009719FC /* ViewModel */,
			);
			path = Presentation;
			sourceTree = "<group>";
		};
		1E73EE132D6BAC1E009719FC /* LoginVCNetworking */ = {
			isa = PBXGroup;
			children = (
				1E73EE1C2D6BAC95009719FC /* LoginNetworing.swift */,
				1E73EE1E2D6BACAC009719FC /* LoginModel.swift */,
				1E73EE202D6BACCF009719FC /* LoginAPI.swift */,
			);
			path = LoginVCNetworking;
			sourceTree = "<group>";
		};
		1E73EE142D6BAC32009719FC /* ViewModel */ = {
			isa = PBXGroup;
			children = (
				1E73EE1A2D6BAC64009719FC /* LoginViewModel.swift */,
			);
			path = ViewModel;
			sourceTree = "<group>";
		};
		1E73EE152D6BAC3E009719FC /* View */ = {
			isa = PBXGroup;
			children = (
				1E73EE162D6BAC56009719FC /* LoginVC.swift */,
				1E73EE172D6BAC56009719FC /* LoginVC.xib */,
			);
			path = View;
			sourceTree = "<group>";
		};
		1E73EE222D6BBA46009719FC /* fonts */ = {
			isa = PBXGroup;
			children = (
				1E73EE292D6BBA81009719FC /* Poppins-Bold.ttf */,
				1E73EE2A2D6BBA81009719FC /* Poppins-Medium.ttf */,
				1E73EE2B2D6BBA81009719FC /* Poppins-Regular.ttf */,
			);
			path = fonts;
			sourceTree = "<group>";
		};
		E15D7A9B2D7B699C00124ADC /* Announcement */ = {
			isa = PBXGroup;
			children = (
				E15D7AA22D7B6F3200124ADC /* Cells */,
				E15D7A9E2D7B69D700124ADC /* AnnouncementViewController.swift */,
				E15D7A9F2D7B69D700124ADC /* AnnouncementViewController.xib */,
			);
			path = Announcement;
			sourceTree = "<group>";
		};
		E15D7AA22D7B6F3200124ADC /* Cells */ = {
			isa = PBXGroup;
			children = (
				E15D7AA32D7B6F4300124ADC /* AnnouncementTableViewCell.swift */,
				E15D7AA42D7B6F4300124ADC /* AnnouncementTableViewCell.xib */,
			);
			path = Cells;
			sourceTree = "<group>";
		};
		E19210C72D6BA8580025B826 = {
			isa = PBXGroup;
			children = (
				E19210D22D6BA8580025B826 /* School */,
				E19210E92D6BA85A0025B826 /* SchoolTests */,
				E19210F32D6BA85A0025B826 /* SchoolUITests */,
				E19210D12D6BA8580025B826 /* Products */,
			);
			sourceTree = "<group>";
		};
		E19210D12D6BA8580025B826 /* Products */ = {
			isa = PBXGroup;
			children = (
				E19210D02D6BA8580025B826 /* School.app */,
				E19210E62D6BA85A0025B826 /* SchoolTests.xctest */,
				E19210F02D6BA85A0025B826 /* SchoolUITests.xctest */,
			);
			name = Products;
			sourceTree = "<group>";
		};
		E19210D22D6BA8580025B826 /* School */ = {
			isa = PBXGroup;
			children = (
				1E73EDFD2D6BAA33009719FC /* AppLayer */,
				1E73EDFE2D6BAA3E009719FC /* Networking */,
				1E73EDFF2D6BAA46009719FC /* School */,
				1E73EE002D6BAA4D009719FC /* School-AppKit */,
				1E73EE012D6BAA5E009719FC /* SchoolUIKit */,
			);
			path = School;
			sourceTree = "<group>";
		};
		E19210E92D6BA85A0025B826 /* SchoolTests */ = {
			isa = PBXGroup;
			children = (
				E19210EA2D6BA85A0025B826 /* SchoolTests.swift */,
			);
			path = SchoolTests;
			sourceTree = "<group>";
		};
		E19210F32D6BA85A0025B826 /* SchoolUITests */ = {
			isa = PBXGroup;
			children = (
				E19210F42D6BA85A0025B826 /* SchoolUITests.swift */,
				E19210F62D6BA85A0025B826 /* SchoolUITestsLaunchTests.swift */,
			);
			path = SchoolUITests;
			sourceTree = "<group>";
		};
		E192110C2D6BC03D0025B826 /* Home */ = {
			isa = PBXGroup;
			children = (
				E19211112D6BC08E0025B826 /* Presentation */,
			);
			path = Home;
			sourceTree = "<group>";
		};
		E19211112D6BC08E0025B826 /* Presentation */ = {
			isa = PBXGroup;
			children = (
				E19211132D6BC0B30025B826 /* Views */,
				E19211122D6BC0AD0025B826 /* ViewModel */,
			);
			path = Presentation;
			sourceTree = "<group>";
		};
		E19211122D6BC0AD0025B826 /* ViewModel */ = {
			isa = PBXGroup;
			children = (
			);
			path = ViewModel;
			sourceTree = "<group>";
		};
		E19211132D6BC0B30025B826 /* Views */ = {
			isa = PBXGroup;
			children = (
				E19211142D6BC0C00025B826 /* Cells */,
				E1B2DEEF2D6E482500BEB1B0 /* HomeViewController.swift */,
				E1B2DEF02D6E482500BEB1B0 /* HomeViewController.xib */,
			);
			path = Views;
			sourceTree = "<group>";
		};
		E19211142D6BC0C00025B826 /* Cells */ = {
			isa = PBXGroup;
			children = (
				E192111F2D6BCE050025B826 /* EventsCollectionViewCell.swift */,
				E19211202D6BCE050025B826 /* EventsCollectionViewCell.xib */,
				E19211232D6BCE140025B826 /* AnnouncementsCollectionViewCell.swift */,
				E19211242D6BCE140025B826 /* AnnouncementsCollectionViewCell.xib */,
				E19211272D6BCE230025B826 /* CategoriesCollectionViewCell.swift */,
				E19211282D6BCE230025B826 /* CategoriesCollectionViewCell.xib */,
			);
			path = Cells;
			sourceTree = "<group>";
		};
		E19211192D6BC1B20025B826 /* CustomViews */ = {
			isa = PBXGroup;
			children = (
				E192111A2D6BC1CC0025B826 /* CustomTabBar.swift */,
			);
			path = CustomViews;
			sourceTree = "<group>";
		};
		E1DE23C32D7B2C9C007DE16F /* Extensions */ = {
			isa = PBXGroup;
			children = (
				E1DE23C42D7B2CAD007DE16F /* TableView+CollectionView.swift */,
			);
			path = Extensions;
			sourceTree = "<group>";
		};
/* End PBXGroup section */

/* Begin PBXNativeTarget section */
		E19210CF2D6BA8580025B826 /* School */ = {
			isa = PBXNativeTarget;
			buildConfigurationList = E19210FA2D6BA85A0025B826 /* Build configuration list for PBXNativeTarget "School" */;
			buildPhases = (
				E19210CC2D6BA8580025B826 /* Sources */,
				E19210CD2D6BA8580025B826 /* Frameworks */,
				E19210CE2D6BA8580025B826 /* Resources */,
			);
			buildRules = (
			);
			dependencies = (
			);
			name = School;
			packageProductDependencies = (
				E1DE23BE2D7B289A007DE16F /* Alamofire */,
				E1DE23C12D7B291F007DE16F /* IQKeyboardManagerSwift */,
			);
			productName = School;
			productReference = E19210D02D6BA8580025B826 /* School.app */;
			productType = "com.apple.product-type.application";
		};
		E19210E52D6BA85A0025B826 /* SchoolTests */ = {
			isa = PBXNativeTarget;
			buildConfigurationList = E19210FD2D6BA85A0025B826 /* Build configuration list for PBXNativeTarget "SchoolTests" */;
			buildPhases = (
				E19210E22D6BA85A0025B826 /* Sources */,
				E19210E32D6BA85A0025B826 /* Frameworks */,
				E19210E42D6BA85A0025B826 /* Resources */,
			);
			buildRules = (
			);
			dependencies = (
				E19210E82D6BA85A0025B826 /* PBXTargetDependency */,
			);
			name = SchoolTests;
			productName = SchoolTests;
			productReference = E19210E62D6BA85A0025B826 /* SchoolTests.xctest */;
			productType = "com.apple.product-type.bundle.unit-test";
		};
		E19210EF2D6BA85A0025B826 /* SchoolUITests */ = {
			isa = PBXNativeTarget;
			buildConfigurationList = E19211002D6BA85A0025B826 /* Build configuration list for PBXNativeTarget "SchoolUITests" */;
			buildPhases = (
				E19210EC2D6BA85A0025B826 /* Sources */,
				E19210ED2D6BA85A0025B826 /* Frameworks */,
				E19210EE2D6BA85A0025B826 /* Resources */,
			);
			buildRules = (
			);
			dependencies = (
				E19210F22D6BA85A0025B826 /* PBXTargetDependency */,
			);
			name = SchoolUITests;
			productName = SchoolUITests;
			productReference = E19210F02D6BA85A0025B826 /* SchoolUITests.xctest */;
			productType = "com.apple.product-type.bundle.ui-testing";
		};
/* End PBXNativeTarget section */

/* Begin PBXProject section */
		E19210C82D6BA8580025B826 /* Project object */ = {
			isa = PBXProject;
			attributes = {
				BuildIndependentTargetsInParallel = 1;
				LastSwiftUpdateCheck = 1540;
				LastUpgradeCheck = 1540;
				TargetAttributes = {
					E19210CF2D6BA8580025B826 = {
						CreatedOnToolsVersion = 15.4;
					};
					E19210E52D6BA85A0025B826 = {
						CreatedOnToolsVersion = 15.4;
						TestTargetID = E19210CF2D6BA8580025B826;
					};
					E19210EF2D6BA85A0025B826 = {
						CreatedOnToolsVersion = 15.4;
						TestTargetID = E19210CF2D6BA8580025B826;
					};
				};
			};
			buildConfigurationList = E19210CB2D6BA8580025B826 /* Build configuration list for PBXProject "School" */;
			compatibilityVersion = "Xcode 15.3";
			developmentRegion = en;
			hasScannedForEncodings = 0;
			knownRegions = (
				en,
				Base,
			);
			mainGroup = E19210C72D6BA8580025B826;
			packageReferences = (
				E1DE23BD2D7B289A007DE16F /* XCRemoteSwiftPackageReference "Alamofire" */,
				E1DE23C02D7B291F007DE16F /* XCRemoteSwiftPackageReference "IQKeyboardManager" */,
			);
			productRefGroup = E19210D12D6BA8580025B826 /* Products */;
			projectDirPath = "";
			projectRoot = "";
			targets = (
				E19210CF2D6BA8580025B826 /* School */,
				E19210E52D6BA85A0025B826 /* SchoolTests */,
				E19210EF2D6BA85A0025B826 /* SchoolUITests */,
			);
		};
/* End PBXProject section */

/* Begin PBXResourcesBuildPhase section */
		E19210CE2D6BA8580025B826 /* Resources */ = {
			isa = PBXResourcesBuildPhase;
			buildActionMask = 2147483647;
			files = (
				1E73EE182D6BAC56009719FC /* LoginVC.xib in Resources */,
				E19211212D6BCE050025B826 /* EventsCollectionViewCell.xib in Resources */,
				E19210DD2D6BA85A0025B826 /* Assets.xcassets in Resources */,
				E19210E02D6BA85A0025B826 /* Base in Resources */,
				E15D7AA52D7B6F4300124ADC /* AnnouncementTableViewCell.xib in Resources */,
				1E73EE2C2D6BBA81009719FC /* Poppins-Bold.ttf in Resources */,
				E15D7AA02D7B69D700124ADC /* AnnouncementViewController.xib in Resources */,
				E19211252D6BCE140025B826 /* AnnouncementsCollectionViewCell.xib in Resources */,
				E19211292D6BCE230025B826 /* CategoriesCollectionViewCell.xib in Resources */,
				1E73EE2D2D6BBA81009719FC /* Poppins-Medium.ttf in Resources */,
				1E73EE2E2D6BBA81009719FC /* Poppins-Regular.ttf in Resources */,
				E1B2DEF22D6E482600BEB1B0 /* HomeViewController.xib in Resources */,
			);
			runOnlyForDeploymentPostprocessing = 0;
		};
		E19210E42D6BA85A0025B826 /* Resources */ = {
			isa = PBXResourcesBuildPhase;
			buildActionMask = 2147483647;
			files = (
			);
			runOnlyForDeploymentPostprocessing = 0;
		};
		E19210EE2D6BA85A0025B826 /* Resources */ = {
			isa = PBXResourcesBuildPhase;
			buildActionMask = 2147483647;
			files = (
			);
			runOnlyForDeploymentPostprocessing = 0;
		};
/* End PBXResourcesBuildPhase section */

/* Begin PBXSourcesBuildPhase section */
		E19210CC2D6BA8580025B826 /* Sources */ = {
			isa = PBXSourcesBuildPhase;
			buildActionMask = 2147483647;
			files = (
				1E73EE0A2D6BAB3F009719FC /* Constant.swift in Sources */,
				1E73EE1F2D6BACAC009719FC /* LoginModel.swift in Sources */,
				E192112A2D6BCE230025B826 /* CategoriesCollectionViewCell.swift in Sources */,
				E192111B2D6BC1CC0025B826 /* CustomTabBar.swift in Sources */,
				E15D7AA12D7B69D700124ADC /* AnnouncementViewController.swift in Sources */,
				1E73EE082D6BAB29009719FC /* BaseModel.swift in Sources */,
				E19210D42D6BA8580025B826 /* AppDelegate.swift in Sources */,
				E1B2DEF12D6E482600BEB1B0 /* HomeViewController.swift in Sources */,
				E15D7AA62D7B6F4300124ADC /* AnnouncementTableViewCell.swift in Sources */,
				E19211262D6BCE140025B826 /* AnnouncementsCollectionViewCell.swift in Sources */,
				1E73EE0C2D6BAB56009719FC /* TargetType.swift in Sources */,
				1E73EE212D6BACCF009719FC /* LoginAPI.swift in Sources */,
				1E73EE192D6BAC56009719FC /* LoginVC.swift in Sources */,
				E19211222D6BCE050025B826 /* EventsCollectionViewCell.swift in Sources */,
				1E73EE032D6BAAAD009719FC /* NibViewController.swift in Sources */,
				E1DE23C52D7B2CAD007DE16F /* TableView+CollectionView.swift in Sources */,
				E19210D62D6BA8580025B826 /* SceneDelegate.swift in Sources */,
				1E73EE1D2D6BAC95009719FC /* LoginNetworing.swift in Sources */,
				1E73EE1B2D6BAC64009719FC /* LoginViewModel.swift in Sources */,
				1E73EE062D6BAB14009719FC /* BaseAPI.swift in Sources */,
			);
			runOnlyForDeploymentPostprocessing = 0;
		};
		E19210E22D6BA85A0025B826 /* Sources */ = {
			isa = PBXSourcesBuildPhase;
			buildActionMask = 2147483647;
			files = (
				E19210EB2D6BA85A0025B826 /* SchoolTests.swift in Sources */,
			);
			runOnlyForDeploymentPostprocessing = 0;
		};
		E19210EC2D6BA85A0025B826 /* Sources */ = {
			isa = PBXSourcesBuildPhase;
			buildActionMask = 2147483647;
			files = (
				E19210F72D6BA85A0025B826 /* SchoolUITestsLaunchTests.swift in Sources */,
				E19210F52D6BA85A0025B826 /* SchoolUITests.swift in Sources */,
			);
			runOnlyForDeploymentPostprocessing = 0;
		};
/* End PBXSourcesBuildPhase section */

/* Begin PBXTargetDependency section */
		E19210E82D6BA85A0025B826 /* PBXTargetDependency */ = {
			isa = PBXTargetDependency;
			target = E19210CF2D6BA8580025B826 /* School */;
			targetProxy = E19210E72D6BA85A0025B826 /* PBXContainerItemProxy */;
		};
		E19210F22D6BA85A0025B826 /* PBXTargetDependency */ = {
			isa = PBXTargetDependency;
			target = E19210CF2D6BA8580025B826 /* School */;
			targetProxy = E19210F12D6BA85A0025B826 /* PBXContainerItemProxy */;
		};
/* End PBXTargetDependency section */

/* Begin PBXVariantGroup section */
		E19210DE2D6BA85A0025B826 /* LaunchScreen.storyboard */ = {
			isa = PBXVariantGroup;
			children = (
				E19210DF2D6BA85A0025B826 /* Base */,
			);
			name = LaunchScreen.storyboard;
			sourceTree = "<group>";
		};
/* End PBXVariantGroup section */

/* Begin XCBuildConfiguration section */
		E19210F82D6BA85A0025B826 /* Debug */ = {
			isa = XCBuildConfiguration;
			buildSettings = {
				ALWAYS_SEARCH_USER_PATHS = NO;
				ASSETCATALOG_COMPILER_GENERATE_SWIFT_ASSET_SYMBOL_EXTENSIONS = YES;
				CLANG_ANALYZER_NONNULL = YES;
				CLANG_ANALYZER_NUMBER_OBJECT_CONVERSION = YES_AGGRESSIVE;
				CLANG_CXX_LANGUAGE_STANDARD = "gnu++20";
				CLANG_ENABLE_MODULES = YES;
				CLANG_ENABLE_OBJC_ARC = YES;
				CLANG_ENABLE_OBJC_WEAK = YES;
				CLANG_WARN_BLOCK_CAPTURE_AUTORELEASING = YES;
				CLANG_WARN_BOOL_CONVERSION = YES;
				CLANG_WARN_COMMA = YES;
				CLANG_WARN_CONSTANT_CONVERSION = YES;
				CLANG_WARN_DEPRECATED_OBJC_IMPLEMENTATIONS = YES;
				CLANG_WARN_DIRECT_OBJC_ISA_USAGE = YES_ERROR;
				CLANG_WARN_DOCUMENTATION_COMMENTS = YES;
				CLANG_WARN_EMPTY_BODY = YES;
				CLANG_WARN_ENUM_CONVERSION = YES;
				CLANG_WARN_INFINITE_RECURSION = YES;
				CLANG_WARN_INT_CONVERSION = YES;
				CLANG_WARN_NON_LITERAL_NULL_CONVERSION = YES;
				CLANG_WARN_OBJC_IMPLICIT_RETAIN_SELF = YES;
				CLANG_WARN_OBJC_LITERAL_CONVERSION = YES;
				CLANG_WARN_OBJC_ROOT_CLASS = YES_ERROR;
				CLANG_WARN_QUOTED_INCLUDE_IN_FRAMEWORK_HEADER = YES;
				CLANG_WARN_RANGE_LOOP_ANALYSIS = YES;
				CLANG_WARN_STRICT_PROTOTYPES = YES;
				CLANG_WARN_SUSPICIOUS_MOVE = YES;
				CLANG_WARN_UNGUARDED_AVAILABILITY = YES_AGGRESSIVE;
				CLANG_WARN_UNREACHABLE_CODE = YES;
				CLANG_WARN__DUPLICATE_METHOD_MATCH = YES;
				COPY_PHASE_STRIP = NO;
				DEBUG_INFORMATION_FORMAT = dwarf;
				ENABLE_STRICT_OBJC_MSGSEND = YES;
				ENABLE_TESTABILITY = YES;
				ENABLE_USER_SCRIPT_SANDBOXING = YES;
				GCC_C_LANGUAGE_STANDARD = gnu17;
				GCC_DYNAMIC_NO_PIC = NO;
				GCC_NO_COMMON_BLOCKS = YES;
				GCC_OPTIMIZATION_LEVEL = 0;
				GCC_PREPROCESSOR_DEFINITIONS = (
					"DEBUG=1",
					"$(inherited)",
				);
				GCC_WARN_64_TO_32_BIT_CONVERSION = YES;
				GCC_WARN_ABOUT_RETURN_TYPE = YES_ERROR;
				GCC_WARN_UNDECLARED_SELECTOR = YES;
				GCC_WARN_UNINITIALIZED_AUTOS = YES_AGGRESSIVE;
				GCC_WARN_UNUSED_FUNCTION = YES;
				GCC_WARN_UNUSED_VARIABLE = YES;
				IPHONEOS_DEPLOYMENT_TARGET = 17.6;
				LOCALIZATION_PREFERS_STRING_CATALOGS = YES;
				MTL_ENABLE_DEBUG_INFO = INCLUDE_SOURCE;
				MTL_FAST_MATH = YES;
				ONLY_ACTIVE_ARCH = YES;
				SDKROOT = iphoneos;
				SWIFT_ACTIVE_COMPILATION_CONDITIONS = "DEBUG $(inherited)";
				SWIFT_OPTIMIZATION_LEVEL = "-Onone";
			};
			name = Debug;
		};
		E19210F92D6BA85A0025B826 /* Release */ = {
			isa = XCBuildConfiguration;
			buildSettings = {
				ALWAYS_SEARCH_USER_PATHS = NO;
				ASSETCATALOG_COMPILER_GENERATE_SWIFT_ASSET_SYMBOL_EXTENSIONS = YES;
				CLANG_ANALYZER_NONNULL = YES;
				CLANG_ANALYZER_NUMBER_OBJECT_CONVERSION = YES_AGGRESSIVE;
				CLANG_CXX_LANGUAGE_STANDARD = "gnu++20";
				CLANG_ENABLE_MODULES = YES;
				CLANG_ENABLE_OBJC_ARC = YES;
				CLANG_ENABLE_OBJC_WEAK = YES;
				CLANG_WARN_BLOCK_CAPTURE_AUTORELEASING = YES;
				CLANG_WARN_BOOL_CONVERSION = YES;
				CLANG_WARN_COMMA = YES;
				CLANG_WARN_CONSTANT_CONVERSION = YES;
				CLANG_WARN_DEPRECATED_OBJC_IMPLEMENTATIONS = YES;
				CLANG_WARN_DIRECT_OBJC_ISA_USAGE = YES_ERROR;
				CLANG_WARN_DOCUMENTATION_COMMENTS = YES;
				CLANG_WARN_EMPTY_BODY = YES;
				CLANG_WARN_ENUM_CONVERSION = YES;
				CLANG_WARN_INFINITE_RECURSION = YES;
				CLANG_WARN_INT_CONVERSION = YES;
				CLANG_WARN_NON_LITERAL_NULL_CONVERSION = YES;
				CLANG_WARN_OBJC_IMPLICIT_RETAIN_SELF = YES;
				CLANG_WARN_OBJC_LITERAL_CONVERSION = YES;
				CLANG_WARN_OBJC_ROOT_CLASS = YES_ERROR;
				CLANG_WARN_QUOTED_INCLUDE_IN_FRAMEWORK_HEADER = YES;
				CLANG_WARN_RANGE_LOOP_ANALYSIS = YES;
				CLANG_WARN_STRICT_PROTOTYPES = YES;
				CLANG_WARN_SUSPICIOUS_MOVE = YES;
				CLANG_WARN_UNGUARDED_AVAILABILITY = YES_AGGRESSIVE;
				CLANG_WARN_UNREACHABLE_CODE = YES;
				CLANG_WARN__DUPLICATE_METHOD_MATCH = YES;
				COPY_PHASE_STRIP = NO;
				DEBUG_INFORMATION_FORMAT = "dwarf-with-dsym";
				ENABLE_NS_ASSERTIONS = NO;
				ENABLE_STRICT_OBJC_MSGSEND = YES;
				ENABLE_USER_SCRIPT_SANDBOXING = YES;
				GCC_C_LANGUAGE_STANDARD = gnu17;
				GCC_NO_COMMON_BLOCKS = YES;
				GCC_WARN_64_TO_32_BIT_CONVERSION = YES;
				GCC_WARN_ABOUT_RETURN_TYPE = YES_ERROR;
				GCC_WARN_UNDECLARED_SELECTOR = YES;
				GCC_WARN_UNINITIALIZED_AUTOS = YES_AGGRESSIVE;
				GCC_WARN_UNUSED_FUNCTION = YES;
				GCC_WARN_UNUSED_VARIABLE = YES;
				IPHONEOS_DEPLOYMENT_TARGET = 17.6;
				LOCALIZATION_PREFERS_STRING_CATALOGS = YES;
				MTL_ENABLE_DEBUG_INFO = NO;
				MTL_FAST_MATH = YES;
				SDKROOT = iphoneos;
				SWIFT_COMPILATION_MODE = wholemodule;
				VALIDATE_PRODUCT = YES;
			};
			name = Release;
		};
		E19210FB2D6BA85A0025B826 /* Debug */ = {
			isa = XCBuildConfiguration;
			buildSettings = {
				ASSETCATALOG_COMPILER_APPICON_NAME = AppIcon;
				ASSETCATALOG_COMPILER_GLOBAL_ACCENT_COLOR_NAME = AccentColor;
				CODE_SIGN_STYLE = Automatic;
				CURRENT_PROJECT_VERSION = 1;
				DEVELOPMENT_TEAM = 99TN99P4UG;
				GENERATE_INFOPLIST_FILE = YES;
				INFOPLIST_FILE = "School/School-AppKit/Info.plist";
				INFOPLIST_KEY_UIApplicationSupportsIndirectInputEvents = YES;
				INFOPLIST_KEY_UILaunchStoryboardName = LaunchScreen;
				INFOPLIST_KEY_UISupportedInterfaceOrientations_iPad = "UIInterfaceOrientationPortrait UIInterfaceOrientationPortraitUpsideDown UIInterfaceOrientationLandscapeLeft UIInterfaceOrientationLandscapeRight";
				INFOPLIST_KEY_UISupportedInterfaceOrientations_iPhone = "UIInterfaceOrientationPortrait UIInterfaceOrientationLandscapeLeft UIInterfaceOrientationLandscapeRight";
				IPHONEOS_DEPLOYMENT_TARGET = 17.5;
				LD_RUNPATH_SEARCH_PATHS = (
					"$(inherited)",
					"@executable_path/Frameworks",
				);
				MARKETING_VERSION = 1.0;
				PRODUCT_BUNDLE_IDENTIFIER = salma.School;
				PRODUCT_NAME = "$(TARGET_NAME)";
				SWIFT_EMIT_LOC_STRINGS = YES;
				SWIFT_VERSION = 5.0;
				TARGETED_DEVICE_FAMILY = "1,2";
			};
			name = Debug;
		};
		E19210FC2D6BA85A0025B826 /* Release */ = {
			isa = XCBuildConfiguration;
			buildSettings = {
				ASSETCATALOG_COMPILER_APPICON_NAME = AppIcon;
				ASSETCATALOG_COMPILER_GLOBAL_ACCENT_COLOR_NAME = AccentColor;
				CODE_SIGN_STYLE = Automatic;
				CURRENT_PROJECT_VERSION = 1;
				DEVELOPMENT_TEAM = 99TN99P4UG;
				GENERATE_INFOPLIST_FILE = YES;
				INFOPLIST_FILE = "School/School-AppKit/Info.plist";
				INFOPLIST_KEY_UIApplicationSupportsIndirectInputEvents = YES;
				INFOPLIST_KEY_UILaunchStoryboardName = LaunchScreen;
				INFOPLIST_KEY_UISupportedInterfaceOrientations_iPad = "UIInterfaceOrientationPortrait UIInterfaceOrientationPortraitUpsideDown UIInterfaceOrientationLandscapeLeft UIInterfaceOrientationLandscapeRight";
				INFOPLIST_KEY_UISupportedInterfaceOrientations_iPhone = "UIInterfaceOrientationPortrait UIInterfaceOrientationLandscapeLeft UIInterfaceOrientationLandscapeRight";
				IPHONEOS_DEPLOYMENT_TARGET = 17.5;
				LD_RUNPATH_SEARCH_PATHS = (
					"$(inherited)",
					"@executable_path/Frameworks",
				);
				MARKETING_VERSION = 1.0;
				PRODUCT_BUNDLE_IDENTIFIER = salma.School;
				PRODUCT_NAME = "$(TARGET_NAME)";
				SWIFT_EMIT_LOC_STRINGS = YES;
				SWIFT_VERSION = 5.0;
				TARGETED_DEVICE_FAMILY = "1,2";
			};
			name = Release;
		};
		E19210FE2D6BA85A0025B826 /* Debug */ = {
			isa = XCBuildConfiguration;
			buildSettings = {
				ALWAYS_EMBED_SWIFT_STANDARD_LIBRARIES = YES;
				BUNDLE_LOADER = "$(TEST_HOST)";
				CODE_SIGN_STYLE = Automatic;
				CURRENT_PROJECT_VERSION = 1;
				DEVELOPMENT_TEAM = 99TN99P4UG;
				GENERATE_INFOPLIST_FILE = YES;
				IPHONEOS_DEPLOYMENT_TARGET = 17.5;
				MARKETING_VERSION = 1.0;
				PRODUCT_BUNDLE_IDENTIFIER = salma.SchoolTests;
				PRODUCT_NAME = "$(TARGET_NAME)";
				SWIFT_EMIT_LOC_STRINGS = NO;
				SWIFT_VERSION = 5.0;
				TARGETED_DEVICE_FAMILY = "1,2";
				TEST_HOST = "$(BUILT_PRODUCTS_DIR)/School.app/$(BUNDLE_EXECUTABLE_FOLDER_PATH)/School";
			};
			name = Debug;
		};
		E19210FF2D6BA85A0025B826 /* Release */ = {
			isa = XCBuildConfiguration;
			buildSettings = {
				ALWAYS_EMBED_SWIFT_STANDARD_LIBRARIES = YES;
				BUNDLE_LOADER = "$(TEST_HOST)";
				CODE_SIGN_STYLE = Automatic;
				CURRENT_PROJECT_VERSION = 1;
				DEVELOPMENT_TEAM = 99TN99P4UG;
				GENERATE_INFOPLIST_FILE = YES;
				IPHONEOS_DEPLOYMENT_TARGET = 17.5;
				MARKETING_VERSION = 1.0;
				PRODUCT_BUNDLE_IDENTIFIER = salma.SchoolTests;
				PRODUCT_NAME = "$(TARGET_NAME)";
				SWIFT_EMIT_LOC_STRINGS = NO;
				SWIFT_VERSION = 5.0;
				TARGETED_DEVICE_FAMILY = "1,2";
				TEST_HOST = "$(BUILT_PRODUCTS_DIR)/School.app/$(BUNDLE_EXECUTABLE_FOLDER_PATH)/School";
			};
			name = Release;
		};
		E19211012D6BA85A0025B826 /* Debug */ = {
			isa = XCBuildConfiguration;
			buildSettings = {
				ALWAYS_EMBED_SWIFT_STANDARD_LIBRARIES = YES;
				CODE_SIGN_STYLE = Automatic;
				CURRENT_PROJECT_VERSION = 1;
				DEVELOPMENT_TEAM = 99TN99P4UG;
				GENERATE_INFOPLIST_FILE = YES;
				MARKETING_VERSION = 1.0;
				PRODUCT_BUNDLE_IDENTIFIER = salma.SchoolUITests;
				PRODUCT_NAME = "$(TARGET_NAME)";
				SWIFT_EMIT_LOC_STRINGS = NO;
				SWIFT_VERSION = 5.0;
				TARGETED_DEVICE_FAMILY = "1,2";
				TEST_TARGET_NAME = School;
			};
			name = Debug;
		};
		E19211022D6BA85A0025B826 /* Release */ = {
			isa = XCBuildConfiguration;
			buildSettings = {
				ALWAYS_EMBED_SWIFT_STANDARD_LIBRARIES = YES;
				CODE_SIGN_STYLE = Automatic;
				CURRENT_PROJECT_VERSION = 1;
				DEVELOPMENT_TEAM = 99TN99P4UG;
				GENERATE_INFOPLIST_FILE = YES;
				MARKETING_VERSION = 1.0;
				PRODUCT_BUNDLE_IDENTIFIER = salma.SchoolUITests;
				PRODUCT_NAME = "$(TARGET_NAME)";
				SWIFT_EMIT_LOC_STRINGS = NO;
				SWIFT_VERSION = 5.0;
				TARGETED_DEVICE_FAMILY = "1,2";
				TEST_TARGET_NAME = School;
			};
			name = Release;
		};
/* End XCBuildConfiguration section */

/* Begin XCConfigurationList section */
		E19210CB2D6BA8580025B826 /* Build configuration list for PBXProject "School" */ = {
			isa = XCConfigurationList;
			buildConfigurations = (
				E19210F82D6BA85A0025B826 /* Debug */,
				E19210F92D6BA85A0025B826 /* Release */,
			);
			defaultConfigurationIsVisible = 0;
			defaultConfigurationName = Release;
		};
		E19210FA2D6BA85A0025B826 /* Build configuration list for PBXNativeTarget "School" */ = {
			isa = XCConfigurationList;
			buildConfigurations = (
				E19210FB2D6BA85A0025B826 /* Debug */,
				E19210FC2D6BA85A0025B826 /* Release */,
			);
			defaultConfigurationIsVisible = 0;
			defaultConfigurationName = Release;
		};
		E19210FD2D6BA85A0025B826 /* Build configuration list for PBXNativeTarget "SchoolTests" */ = {
			isa = XCConfigurationList;
			buildConfigurations = (
				E19210FE2D6BA85A0025B826 /* Debug */,
				E19210FF2D6BA85A0025B826 /* Release */,
			);
			defaultConfigurationIsVisible = 0;
			defaultConfigurationName = Release;
		};
		E19211002D6BA85A0025B826 /* Build configuration list for PBXNativeTarget "SchoolUITests" */ = {
			isa = XCConfigurationList;
			buildConfigurations = (
				E19211012D6BA85A0025B826 /* Debug */,
				E19211022D6BA85A0025B826 /* Release */,
			);
			defaultConfigurationIsVisible = 0;
			defaultConfigurationName = Release;
		};
/* End XCConfigurationList section */

/* Begin XCRemoteSwiftPackageReference section */
		E1DE23BD2D7B289A007DE16F /* XCRemoteSwiftPackageReference "Alamofire" */ = {
			isa = XCRemoteSwiftPackageReference;
			repositoryURL = "https://github.com/Alamofire/Alamofire";
			requirement = {
				kind = upToNextMajorVersion;
				minimumVersion = 5.10.2;
			};
		};
		E1DE23C02D7B291F007DE16F /* XCRemoteSwiftPackageReference "IQKeyboardManager" */ = {
			isa = XCRemoteSwiftPackageReference;
			repositoryURL = "https://github.com/hackiftekhar/IQKeyboardManager";
			requirement = {
				kind = upToNextMajorVersion;
				minimumVersion = 8.0.0;
			};
		};
/* End XCRemoteSwiftPackageReference section */

/* Begin XCSwiftPackageProductDependency section */
		E1DE23BE2D7B289A007DE16F /* Alamofire */ = {
			isa = XCSwiftPackageProductDependency;
			package = E1DE23BD2D7B289A007DE16F /* XCRemoteSwiftPackageReference "Alamofire" */;
			productName = Alamofire;
		};
		E1DE23C12D7B291F007DE16F /* IQKeyboardManagerSwift */ = {
			isa = XCSwiftPackageProductDependency;
			package = E1DE23C02D7B291F007DE16F /* XCRemoteSwiftPackageReference "IQKeyboardManager" */;
			productName = IQKeyboardManagerSwift;
		};
/* End XCSwiftPackageProductDependency section */
	};
	rootObject = E19210C82D6BA8580025B826 /* Project object */;
}
